
Microsoft Visual Studio Solution File, Format Version 12.00
# Visual Studio Version 17
VisualStudioVersion = 17.7.34221.43
MinimumVisualStudioVersion = 10.0.40219.1
Project("{FAE04EC0-301F-11D3-BF4B-00C04F79EFBC}") = "Stack_Queue_CircularQueue_using_Array", "Stack_Queue_CircularQueue_using_Array\Stack_Queue_CircularQueue_using_Array.csproj", "{9DC28425-CFCA-4105-BFED-F3CE0897267B}"
EndProject
Global
	GlobalSection(SolutionConfigurationPlatforms) = preSolution
		Debug|Any CPU = Debug|Any CPU
		Release|Any CPU = Release|Any CPU
	EndGlobalSection
	GlobalSection(ProjectConfigurationPlatforms) = postSolution
		{9DC28425-CFCA-4105-BFED-F3CE0897267B}.Debug|Any CPU.ActiveCfg = Debug|Any CPU
		{9DC28425-CFCA-4105-BFED-F3CE0897267B}.Debug|Any CPU.Build.0 = Debug|Any CPU
		{9DC28425-CFCA-4105-BFED-F3CE0897267B}.Release|Any CPU.ActiveCfg = Release|Any CPU
		{9DC28425-CFCA-4105-BFED-F3CE0897267B}.Release|Any CPU.Build.0 = Release|Any CPU
	EndGlobalSection
	GlobalSection(SolutionProperties) = preSolution
		HideSolutionNode = FALSE
	EndGlobalSection
	GlobalSection(ExtensibilityGlobals) = postSolution
		SolutionGuid = {29694C94-C01E-4C63-8D7D-31513F52A884}
	EndGlobalSection
EndGlobal
