
Microsoft Visual Studio Solution File, Format Version 12.00
# Visual Studio Version 17
VisualStudioVersion = 17.7.34221.43
MinimumVisualStudioVersion = 10.0.40219.1
Project("{FAE04EC0-301F-11D3-BF4B-00C04F79EFBC}") = "ConsoleApp7", "ConsoleApp7\ConsoleApp7.csproj", "{F87CCA24-9A8B-4F2B-A086-D41E373EC65E}"
EndProject
Global
	GlobalSection(SolutionConfigurationPlatforms) = preSolution
		Debug|Any CPU = Debug|Any CPU
		Release|Any CPU = Release|Any CPU
	EndGlobalSection
	GlobalSection(ProjectConfigurationPlatforms) = postSolution
		{F87CCA24-9A8B-4F2B-A086-D41E373EC65E}.Debug|Any CPU.ActiveCfg = Debug|Any CPU
		{F87CCA24-9A8B-4F2B-A086-D41E373EC65E}.Debug|Any CPU.Build.0 = Debug|Any CPU
		{F87CCA24-9A8B-4F2B-A086-D41E373EC65E}.Release|Any CPU.ActiveCfg = Release|Any CPU
		{F87CCA24-9A8B-4F2B-A086-D41E373EC65E}.Release|Any CPU.Build.0 = Release|Any CPU
	EndGlobalSection
	GlobalSection(SolutionProperties) = preSolution
		HideSolutionNode = FALSE
	EndGlobalSection
	GlobalSection(ExtensibilityGlobals) = postSolution
		SolutionGuid = {F97851E4-13BC-45A2-9150-E64F508EBC20}
	EndGlobalSection
EndGlobal
